{
    "_meta": {
        "hash": {
            "sha256": "3018d528e5964edd29ac7641d24addbc15f7d770807e9a62f08648120ebf7e91"
        },
        "pipfile-spec": 6,
        "requires": {
            "python_version": "3.7"
        },
        "sources": [
            {
                "name": "pypi",
                "url": "https://pypi.org/simple",
                "verify_ssl": true
            }
        ]
    },
    "default": {
        "pep8": {
            "hashes": [
                "sha256:b22cfae5db09833bb9bd7c8463b53e1a9c9b39f12e304a8d0bba729c501827ee",
                "sha256:fe249b52e20498e59e0b5c5256aa52ee99fc295b26ec9eaa85776ffdb9fe6374"
            ],
            "index": "pypi",
            "version": "==1.7.1"
        }
    },
    "develop": {}
}
